// !$*UTF8*$!
{
	archiveVersion = 1;
	classes = {
	};
	objectVersion = 56;
	objects = {

/* Begin PBXBuildFile section */
		2B8472292B016EC700706F69 /* WeatherTableViewCell.swift in Sources */ = {isa = PBXBuildFile; fileRef = 2B8472282B016EC700706F69 /* WeatherTableViewCell.swift */; };
		2BB4B5BA2AFE78590092E7FB /* AppDelegate.swift in Sources */ = {isa = PBXBuildFile; fileRef = 2BB4B5B92AFE78590092E7FB /* AppDelegate.swift */; };
		2BB4B5BC2AFE78590092E7FB /* SceneDelegate.swift in Sources */ = {isa = PBXBuildFile; fileRef = 2BB4B5BB2AFE78590092E7FB /* SceneDelegate.swift */; };
		2BB4B5BE2AFE78590092E7FB /* WeatherViewController.swift in Sources */ = {isa = PBXBuildFile; fileRef = 2BB4B5BD2AFE78590092E7FB /* WeatherViewController.swift */; };
		2BB4B5C12AFE78590092E7FB /* Main.storyboard in Resources */ = {isa = PBXBuildFile; fileRef = 2BB4B5BF2AFE78590092E7FB /* Main.storyboard */; };
		2BB4B5C32AFE785C0092E7FB /* Assets.xcassets in Resources */ = {isa = PBXBuildFile; fileRef = 2BB4B5C22AFE785C0092E7FB /* Assets.xcassets */; };
		2BB4B5C62AFE785C0092E7FB /* LaunchScreen.storyboard in Resources */ = {isa = PBXBuildFile; fileRef = 2BB4B5C42AFE785C0092E7FB /* LaunchScreen.storyboard */; };
		2BB4B5D52AFE7F730092E7FB /* CurrentWeather.swift in Sources */ = {isa = PBXBuildFile; fileRef = 2BB4B5D42AFE7F730092E7FB /* CurrentWeather.swift */; };
		2BB4B5D82AFF80340092E7FB /* Alamofire in Frameworks */ = {isa = PBXBuildFile; productRef = 2BB4B5D72AFF80340092E7FB /* Alamofire */; };
		2BB4B5DA2AFF86200092E7FB /* Condition.swift in Sources */ = {isa = PBXBuildFile; fileRef = 2BB4B5D92AFF86200092E7FB /* Condition.swift */; };
		2BB4B5DC2AFF869D0092E7FB /* Current.swift in Sources */ = {isa = PBXBuildFile; fileRef = 2BB4B5DB2AFF869D0092E7FB /* Current.swift */; };
		2BB4B5DE2AFF86CD0092E7FB /* Location.swift in Sources */ = {isa = PBXBuildFile; fileRef = 2BB4B5DD2AFF86CD0092E7FB /* Location.swift */; };
/* End PBXBuildFile section */

/* Begin PBXFileReference section */
		2B8472282B016EC700706F69 /* WeatherTableViewCell.swift */ = {isa = PBXFileReference; lastKnownFileType = sourcecode.swift; path = WeatherTableViewCell.swift; sourceTree = "<group>"; };
		2BB4B5B62AFE78590092E7FB /* WeatherAPI.app */ = {isa = PBXFileReference; explicitFileType = wrapper.application; includeInIndex = 0; path = WeatherAPI.app; sourceTree = BUILT_PRODUCTS_DIR; };
		2BB4B5B92AFE78590092E7FB /* AppDelegate.swift */ = {isa = PBXFileReference; lastKnownFileType = sourcecode.swift; path = AppDelegate.swift; sourceTree = "<group>"; };
		2BB4B5BB2AFE78590092E7FB /* SceneDelegate.swift */ = {isa = PBXFileReference; lastKnownFileType = sourcecode.swift; path = SceneDelegate.swift; sourceTree = "<group>"; };
		2BB4B5BD2AFE78590092E7FB /* WeatherViewController.swift */ = {isa = PBXFileReference; lastKnownFileType = sourcecode.swift; path = WeatherViewController.swift; sourceTree = "<group>"; };
		2BB4B5C02AFE78590092E7FB /* Base */ = {isa = PBXFileReference; lastKnownFileType = file.storyboard; name = Base; path = Base.lproj/Main.storyboard; sourceTree = "<group>"; };
		2BB4B5C22AFE785C0092E7FB /* Assets.xcassets */ = {isa = PBXFileReference; lastKnownFileType = folder.assetcatalog; path = Assets.xcassets; sourceTree = "<group>"; };
		2BB4B5C52AFE785C0092E7FB /* Base */ = {isa = PBXFileReference; lastKnownFileType = file.storyboard; name = Base; path = Base.lproj/LaunchScreen.storyboard; sourceTree = "<group>"; };
		2BB4B5C72AFE785C0092E7FB /* Info.plist */ = {isa = PBXFileReference; lastKnownFileType = text.plist.xml; path = Info.plist; sourceTree = "<group>"; };
		2BB4B5D42AFE7F730092E7FB /* CurrentWeather.swift */ = {isa = PBXFileReference; lastKnownFileType = sourcecode.swift; path = CurrentWeather.swift; sourceTree = "<group>"; };
		2BB4B5D92AFF86200092E7FB /* Condition.swift */ = {isa = PBXFileReference; lastKnownFileType = sourcecode.swift; path = Condition.swift; sourceTree = "<group>"; };
		2BB4B5DB2AFF869D0092E7FB /* Current.swift */ = {isa = PBXFileReference; lastKnownFileType = sourcecode.swift; path = Current.swift; sourceTree = "<group>"; };
		2BB4B5DD2AFF86CD0092E7FB /* Location.swift */ = {isa = PBXFileReference; lastKnownFileType = sourcecode.swift; path = Location.swift; sourceTree = "<group>"; };
/* End PBXFileReference section */

/* Begin PBXFrameworksBuildPhase section */
		2BB4B5B32AFE78590092E7FB /* Frameworks */ = {
			isa = PBXFrameworksBuildPhase;
			buildActionMask = 2147483647;
			files = (
				2BB4B5D82AFF80340092E7FB /* Alamofire in Frameworks */,
			);
			runOnlyForDeploymentPostprocessing = 0;
		};
/* End PBXFrameworksBuildPhase section */

/* Begin PBXGroup section */
		2BB4B5AD2AFE78590092E7FB = {
			isa = PBXGroup;
			children = (
				2BB4B5B82AFE78590092E7FB /* WeatherAPI */,
				2BB4B5B72AFE78590092E7FB /* Products */,
			);
			sourceTree = "<group>";
		};
		2BB4B5B72AFE78590092E7FB /* Products */ = {
			isa = PBXGroup;
			children = (
				2BB4B5B62AFE78590092E7FB /* WeatherAPI.app */,
			);
			name = Products;
			sourceTree = "<group>";
		};
		2BB4B5B82AFE78590092E7FB /* WeatherAPI */ = {
			isa = PBXGroup;
			children = (
				2BB4B5D32AFE7E6D0092E7FB /* Models */,
				2BB4B5CE2AFE78980092E7FB /* AppDelegate */,
				2BB4B5CF2AFE78A30092E7FB /* Controller */,
				2BB4B5C22AFE785C0092E7FB /* Assets.xcassets */,
				2BB4B5D22AFE79C70092E7FB /* View */,
				2BB4B5C72AFE785C0092E7FB /* Info.plist */,
			);
			path = WeatherAPI;
			sourceTree = "<group>";
		};
		2BB4B5CE2AFE78980092E7FB /* AppDelegate */ = {
			isa = PBXGroup;
			children = (
				2BB4B5B92AFE78590092E7FB /* AppDelegate.swift */,
				2BB4B5BB2AFE78590092E7FB /* SceneDelegate.swift */,
			);
			path = AppDelegate;
			sourceTree = "<group>";
		};
		2BB4B5CF2AFE78A30092E7FB /* Controller */ = {
			isa = PBXGroup;
			children = (
				2BB4B5BD2AFE78590092E7FB /* WeatherViewController.swift */,
				2B8472282B016EC700706F69 /* WeatherTableViewCell.swift */,
			);
			path = Controller;
			sourceTree = "<group>";
		};
		2BB4B5D22AFE79C70092E7FB /* View */ = {
			isa = PBXGroup;
			children = (
				2BB4B5C42AFE785C0092E7FB /* LaunchScreen.storyboard */,
				2BB4B5BF2AFE78590092E7FB /* Main.storyboard */,
			);
			path = View;
			sourceTree = "<group>";
		};
		2BB4B5D32AFE7E6D0092E7FB /* Models */ = {
			isa = PBXGroup;
			children = (
				2BB4B5D42AFE7F730092E7FB /* CurrentWeather.swift */,
				2BB4B5D92AFF86200092E7FB /* Condition.swift */,
				2BB4B5DB2AFF869D0092E7FB /* Current.swift */,
				2BB4B5DD2AFF86CD0092E7FB /* Location.swift */,
			);
			path = Models;
			sourceTree = "<group>";
		};
/* End PBXGroup section */

/* Begin PBXNativeTarget section */
		2BB4B5B52AFE78590092E7FB /* WeatherAPI */ = {
			isa = PBXNativeTarget;
			buildConfigurationList = 2BB4B5CA2AFE785C0092E7FB /* Build configuration list for PBXNativeTarget "WeatherAPI" */;
			buildPhases = (
				2BB4B5B22AFE78590092E7FB /* Sources */,
				2BB4B5B32AFE78590092E7FB /* Frameworks */,
				2BB4B5B42AFE78590092E7FB /* Resources */,
			);
			buildRules = (
			);
			dependencies = (
			);
			name = WeatherAPI;
			packageProductDependencies = (
				2BB4B5D72AFF80340092E7FB /* Alamofire */,
			);
			productName = WeatherAPI;
			productReference = 2BB4B5B62AFE78590092E7FB /* WeatherAPI.app */;
			productType = "com.apple.product-type.application";
		};
/* End PBXNativeTarget section */

/* Begin PBXProject section */
		2BB4B5AE2AFE78590092E7FB /* Project object */ = {
			isa = PBXProject;
			attributes = {
				BuildIndependentTargetsInParallel = 1;
				LastSwiftUpdateCheck = 1500;
				LastUpgradeCheck = 1500;
				TargetAttributes = {
					2BB4B5B52AFE78590092E7FB = {
						CreatedOnToolsVersion = 15.0.1;
					};
				};
			};
			buildConfigurationList = 2BB4B5B12AFE78590092E7FB /* Build configuration list for PBXProject "WeatherAPI" */;
			compatibilityVersion = "Xcode 14.0";
			developmentRegion = en;
			hasScannedForEncodings = 0;
			knownRegions = (
				en,
				Base,
			);
			mainGroup = 2BB4B5AD2AFE78590092E7FB;
			packageReferences = (
				2BB4B5D62AFF80330092E7FB /* XCRemoteSwiftPackageReference "Alamofire" */,
			);
			productRefGroup = 2BB4B5B72AFE78590092E7FB /* Products */;
			projectDirPath = "";
			projectRoot = "";
			targets = (
				2BB4B5B52AFE78590092E7FB /* WeatherAPI */,
			);
		};
/* End PBXProject section */

/* Begin PBXResourcesBuildPhase section */
		2BB4B5B42AFE78590092E7FB /* Resources */ = {
			isa = PBXResourcesBuildPhase;
			buildActionMask = 2147483647;
			files = (
				2BB4B5C62AFE785C0092E7FB /* LaunchScreen.storyboard in Resources */,
				2BB4B5C32AFE785C0092E7FB /* Assets.xcassets in Resources */,
				2BB4B5C12AFE78590092E7FB /* Main.storyboard in Resources */,
			);
			runOnlyForDeploymentPostprocessing = 0;
		};
/* End PBXResourcesBuildPhase section */

/* Begin PBXSourcesBuildPhase section */
		2BB4B5B22AFE78590092E7FB /* Sources */ = {
			isa = PBXSourcesBuildPhase;
			buildActionMask = 2147483647;
			files = (
				2B8472292B016EC700706F69 /* WeatherTableViewCell.swift in Sources */,
				2BB4B5BE2AFE78590092E7FB /* WeatherViewController.swift in Sources */,
				2BB4B5BA2AFE78590092E7FB /* AppDelegate.swift in Sources */,
				2BB4B5D52AFE7F730092E7FB /* CurrentWeather.swift in Sources */,
				2BB4B5DC2AFF869D0092E7FB /* Current.swift in Sources */,
				2BB4B5BC2AFE78590092E7FB /* SceneDelegate.swift in Sources */,
				2BB4B5DA2AFF86200092E7FB /* Condition.swift in Sources */,
				2BB4B5DE2AFF86CD0092E7FB /* Location.swift in Sources */,
			);
			runOnlyForDeploymentPostprocessing = 0;
		};
/* End PBXSourcesBuildPhase section */

/* Begin PBXVariantGroup section */
		2BB4B5BF2AFE78590092E7FB /* Main.storyboard */ = {
			isa = PBXVariantGroup;
			children = (
				2BB4B5C02AFE78590092E7FB /* Base */,
			);
			name = Main.storyboard;
			sourceTree = "<group>";
		};
		2BB4B5C42AFE785C0092E7FB /* LaunchScreen.storyboard */ = {
			isa = PBXVariantGroup;
			children = (
				2BB4B5C52AFE785C0092E7FB /* Base */,
			);
			name = LaunchScreen.storyboard;
			sourceTree = "<group>";
		};
/* End PBXVariantGroup section */

/* Begin XCBuildConfiguration section */
		2BB4B5C82AFE785C0092E7FB /* Debug */ = {
			isa = XCBuildConfiguration;
			buildSettings = {
				ALWAYS_SEARCH_USER_PATHS = NO;
				ASSETCATALOG_COMPILER_GENERATE_SWIFT_ASSET_SYMBOL_EXTENSIONS = YES;
				CLANG_ANALYZER_NONNULL = YES;
				CLANG_ANALYZER_NUMBER_OBJECT_CONVERSION = YES_AGGRESSIVE;
				CLANG_CXX_LANGUAGE_STANDARD = "gnu++20";
				CLANG_ENABLE_MODULES = YES;
				CLANG_ENABLE_OBJC_ARC = YES;
				CLANG_ENABLE_OBJC_WEAK = YES;
				CLANG_WARN_BLOCK_CAPTURE_AUTORELEASING = YES;
				CLANG_WARN_BOOL_CONVERSION = YES;
				CLANG_WARN_COMMA = YES;
				CLANG_WARN_CONSTANT_CONVERSION = YES;
				CLANG_WARN_DEPRECATED_OBJC_IMPLEMENTATIONS = YES;
				CLANG_WARN_DIRECT_OBJC_ISA_USAGE = YES_ERROR;
				CLANG_WARN_DOCUMENTATION_COMMENTS = YES;
				CLANG_WARN_EMPTY_BODY = YES;
				CLANG_WARN_ENUM_CONVERSION = YES;
				CLANG_WARN_INFINITE_RECURSION = YES;
				CLANG_WARN_INT_CONVERSION = YES;
				CLANG_WARN_NON_LITERAL_NULL_CONVERSION = YES;
				CLANG_WARN_OBJC_IMPLICIT_RETAIN_SELF = YES;
				CLANG_WARN_OBJC_LITERAL_CONVERSION = YES;
				CLANG_WARN_OBJC_ROOT_CLASS = YES_ERROR;
				CLANG_WARN_QUOTED_INCLUDE_IN_FRAMEWORK_HEADER = YES;
				CLANG_WARN_RANGE_LOOP_ANALYSIS = YES;
				CLANG_WARN_STRICT_PROTOTYPES = YES;
				CLANG_WARN_SUSPICIOUS_MOVE = YES;
				CLANG_WARN_UNGUARDED_AVAILABILITY = YES_AGGRESSIVE;
				CLANG_WARN_UNREACHABLE_CODE = YES;
				CLANG_WARN__DUPLICATE_METHOD_MATCH = YES;
				COPY_PHASE_STRIP = NO;
				DEBUG_INFORMATION_FORMAT = dwarf;
				ENABLE_STRICT_OBJC_MSGSEND = YES;
				ENABLE_TESTABILITY = YES;
				ENABLE_USER_SCRIPT_SANDBOXING = YES;
				GCC_C_LANGUAGE_STANDARD = gnu17;
				GCC_DYNAMIC_NO_PIC = NO;
				GCC_NO_COMMON_BLOCKS = YES;
				GCC_OPTIMIZATION_LEVEL = 0;
				GCC_PREPROCESSOR_DEFINITIONS = (
					"DEBUG=1",
					"$(inherited)",
				);
				GCC_WARN_64_TO_32_BIT_CONVERSION = YES;
				GCC_WARN_ABOUT_RETURN_TYPE = YES_ERROR;
				GCC_WARN_UNDECLARED_SELECTOR = YES;
				GCC_WARN_UNINITIALIZED_AUTOS = YES_AGGRESSIVE;
				GCC_WARN_UNUSED_FUNCTION = YES;
				GCC_WARN_UNUSED_VARIABLE = YES;
				IPHONEOS_DEPLOYMENT_TARGET = 17.0;
				LOCALIZATION_PREFERS_STRING_CATALOGS = YES;
				MTL_ENABLE_DEBUG_INFO = INCLUDE_SOURCE;
				MTL_FAST_MATH = YES;
				ONLY_ACTIVE_ARCH = YES;
				SDKROOT = iphoneos;
				SWIFT_ACTIVE_COMPILATION_CONDITIONS = "DEBUG $(inherited)";
				SWIFT_OPTIMIZATION_LEVEL = "-Onone";
			};
			name = Debug;
		};
		2BB4B5C92AFE785C0092E7FB /* Release */ = {
			isa = XCBuildConfiguration;
			buildSettings = {
				ALWAYS_SEARCH_USER_PATHS = NO;
				ASSETCATALOG_COMPILER_GENERATE_SWIFT_ASSET_SYMBOL_EXTENSIONS = YES;
				CLANG_ANALYZER_NONNULL = YES;
				CLANG_ANALYZER_NUMBER_OBJECT_CONVERSION = YES_AGGRESSIVE;
				CLANG_CXX_LANGUAGE_STANDARD = "gnu++20";
				CLANG_ENABLE_MODULES = YES;
				CLANG_ENABLE_OBJC_ARC = YES;
				CLANG_ENABLE_OBJC_WEAK = YES;
				CLANG_WARN_BLOCK_CAPTURE_AUTORELEASING = YES;
				CLANG_WARN_BOOL_CONVERSION = YES;
				CLANG_WARN_COMMA = YES;
				CLANG_WARN_CONSTANT_CONVERSION = YES;
				CLANG_WARN_DEPRECATED_OBJC_IMPLEMENTATIONS = YES;
				CLANG_WARN_DIRECT_OBJC_ISA_USAGE = YES_ERROR;
				CLANG_WARN_DOCUMENTATION_COMMENTS = YES;
				CLANG_WARN_EMPTY_BODY = YES;
				CLANG_WARN_ENUM_CONVERSION = YES;
				CLANG_WARN_INFINITE_RECURSION = YES;
				CLANG_WARN_INT_CONVERSION = YES;
				CLANG_WARN_NON_LITERAL_NULL_CONVERSION = YES;
				CLANG_WARN_OBJC_IMPLICIT_RETAIN_SELF = YES;
				CLANG_WARN_OBJC_LITERAL_CONVERSION = YES;
				CLANG_WARN_OBJC_ROOT_CLASS = YES_ERROR;
				CLANG_WARN_QUOTED_INCLUDE_IN_FRAMEWORK_HEADER = YES;
				CLANG_WARN_RANGE_LOOP_ANALYSIS = YES;
				CLANG_WARN_STRICT_PROTOTYPES = YES;
				CLANG_WARN_SUSPICIOUS_MOVE = YES;
				CLANG_WARN_UNGUARDED_AVAILABILITY = YES_AGGRESSIVE;
				CLANG_WARN_UNREACHABLE_CODE = YES;
				CLANG_WARN__DUPLICATE_METHOD_MATCH = YES;
				COPY_PHASE_STRIP = NO;
				DEBUG_INFORMATION_FORMAT = "dwarf-with-dsym";
				ENABLE_NS_ASSERTIONS = NO;
				ENABLE_STRICT_OBJC_MSGSEND = YES;
				ENABLE_USER_SCRIPT_SANDBOXING = YES;
				GCC_C_LANGUAGE_STANDARD = gnu17;
				GCC_NO_COMMON_BLOCKS = YES;
				GCC_WARN_64_TO_32_BIT_CONVERSION = YES;
				GCC_WARN_ABOUT_RETURN_TYPE = YES_ERROR;
				GCC_WARN_UNDECLARED_SELECTOR = YES;
				GCC_WARN_UNINITIALIZED_AUTOS = YES_AGGRESSIVE;
				GCC_WARN_UNUSED_FUNCTION = YES;
				GCC_WARN_UNUSED_VARIABLE = YES;
				IPHONEOS_DEPLOYMENT_TARGET = 17.0;
				LOCALIZATION_PREFERS_STRING_CATALOGS = YES;
				MTL_ENABLE_DEBUG_INFO = NO;
				MTL_FAST_MATH = YES;
				SDKROOT = iphoneos;
				SWIFT_COMPILATION_MODE = wholemodule;
				VALIDATE_PRODUCT = YES;
			};
			name = Release;
		};
		2BB4B5CB2AFE785C0092E7FB /* Debug */ = {
			isa = XCBuildConfiguration;
			buildSettings = {
				ASSETCATALOG_COMPILER_APPICON_NAME = AppIcon;
				ASSETCATALOG_COMPILER_GLOBAL_ACCENT_COLOR_NAME = AccentColor;
				CODE_SIGN_STYLE = Automatic;
				CURRENT_PROJECT_VERSION = 1;
				GENERATE_INFOPLIST_FILE = YES;
				INFOPLIST_FILE = WeatherAPI/Info.plist;
				INFOPLIST_KEY_NSLocationAlwaysAndWhenInUseUsageDescription = "Need your location to present current weather.";
				INFOPLIST_KEY_NSLocationWhenInUseUsageDescription = "Need your location to present current weather.";
				INFOPLIST_KEY_UIApplicationSupportsIndirectInputEvents = YES;
				INFOPLIST_KEY_UILaunchStoryboardName = LaunchScreen;
				INFOPLIST_KEY_UIMainStoryboardFile = Main;
				INFOPLIST_KEY_UISupportedInterfaceOrientations_iPad = "UIInterfaceOrientationPortrait UIInterfaceOrientationPortraitUpsideDown UIInterfaceOrientationLandscapeLeft UIInterfaceOrientationLandscapeRight";
				INFOPLIST_KEY_UISupportedInterfaceOrientations_iPhone = "UIInterfaceOrientationPortrait UIInterfaceOrientationLandscapeLeft UIInterfaceOrientationLandscapeRight";
				LD_RUNPATH_SEARCH_PATHS = (
					"$(inherited)",
					"@executable_path/Frameworks",
				);
				MARKETING_VERSION = 1.0;
				PRODUCT_BUNDLE_IDENTIFIER = "-.WeatherAPI";
				PRODUCT_NAME = "$(TARGET_NAME)";
				SWIFT_EMIT_LOC_STRINGS = YES;
				SWIFT_VERSION = 5.0;
				TARGETED_DEVICE_FAMILY = "1,2";
			};
			name = Debug;
		};
		2BB4B5CC2AFE785C0092E7FB /* Release */ = {
			isa = XCBuildConfiguration;
			buildSettings = {
				ASSETCATALOG_COMPILER_APPICON_NAME = AppIcon;
				ASSETCATALOG_COMPILER_GLOBAL_ACCENT_COLOR_NAME = AccentColor;
				CODE_SIGN_STYLE = Automatic;
				CURRENT_PROJECT_VERSION = 1;
				GENERATE_INFOPLIST_FILE = YES;
				INFOPLIST_FILE = WeatherAPI/Info.plist;
				INFOPLIST_KEY_NSLocationAlwaysAndWhenInUseUsageDescription = "Need your location to present current weather.";
				INFOPLIST_KEY_NSLocationWhenInUseUsageDescription = "Need your location to present current weather.";
				INFOPLIST_KEY_UIApplicationSupportsIndirectInputEvents = YES;
				INFOPLIST_KEY_UILaunchStoryboardName = LaunchScreen;
				INFOPLIST_KEY_UIMainStoryboardFile = Main;
				INFOPLIST_KEY_UISupportedInterfaceOrientations_iPad = "UIInterfaceOrientationPortrait UIInterfaceOrientationPortraitUpsideDown UIInterfaceOrientationLandscapeLeft UIInterfaceOrientationLandscapeRight";
				INFOPLIST_KEY_UISupportedInterfaceOrientations_iPhone = "UIInterfaceOrientationPortrait UIInterfaceOrientationLandscapeLeft UIInterfaceOrientationLandscapeRight";
				LD_RUNPATH_SEARCH_PATHS = (
					"$(inherited)",
					"@executable_path/Frameworks",
				);
				MARKETING_VERSION = 1.0;
				PRODUCT_BUNDLE_IDENTIFIER = "-.WeatherAPI";
				PRODUCT_NAME = "$(TARGET_NAME)";
				SWIFT_EMIT_LOC_STRINGS = YES;
				SWIFT_VERSION = 5.0;
				TARGETED_DEVICE_FAMILY = "1,2";
			};
			name = Release;
		};
/* End XCBuildConfiguration section */

/* Begin XCConfigurationList section */
		2BB4B5B12AFE78590092E7FB /* Build configuration list for PBXProject "WeatherAPI" */ = {
			isa = XCConfigurationList;
			buildConfigurations = (
				2BB4B5C82AFE785C0092E7FB /* Debug */,
				2BB4B5C92AFE785C0092E7FB /* Release */,
			);
			defaultConfigurationIsVisible = 0;
			defaultConfigurationName = Release;
		};
		2BB4B5CA2AFE785C0092E7FB /* Build configuration list for PBXNativeTarget "WeatherAPI" */ = {
			isa = XCConfigurationList;
			buildConfigurations = (
				2BB4B5CB2AFE785C0092E7FB /* Debug */,
				2BB4B5CC2AFE785C0092E7FB /* Release */,
			);
			defaultConfigurationIsVisible = 0;
			defaultConfigurationName = Release;
		};
/* End XCConfigurationList section */

/* Begin XCRemoteSwiftPackageReference section */
		2BB4B5D62AFF80330092E7FB /* XCRemoteSwiftPackageReference "Alamofire" */ = {
			isa = XCRemoteSwiftPackageReference;
			repositoryURL = "https://github.com/Alamofire/Alamofire.git";
			requirement = {
				kind = upToNextMajorVersion;
				minimumVersion = 5.8.1;
			};
		};
/* End XCRemoteSwiftPackageReference section */

/* Begin XCSwiftPackageProductDependency section */
		2BB4B5D72AFF80340092E7FB /* Alamofire */ = {
			isa = XCSwiftPackageProductDependency;
			package = 2BB4B5D62AFF80330092E7FB /* XCRemoteSwiftPackageReference "Alamofire" */;
			productName = Alamofire;
		};
/* End XCSwiftPackageProductDependency section */
	};
	rootObject = 2BB4B5AE2AFE78590092E7FB /* Project object */;
}
